
Microsoft Visual Studio Solution File, Format Version 12.00
# Visual Studio Version 17
VisualStudioVersion = 17.13.35818.85 d17.13
MinimumVisualStudioVersion = 10.0.40219.1
Project("{FAE04EC0-301F-11D3-BF4B-00C04F79EFBC}") = "Proiect_Slots", "Proiect_Slots.csproj", "{B90B1D04-232D-4D4F-9984-CD786357CFB2}"
EndProject
Global
	GlobalSection(SolutionConfigurationPlatforms) = preSolution
		Debug|Any CPU = Debug|Any CPU
		Release|Any CPU = Release|Any CPU
	EndGlobalSection
	GlobalSection(ProjectConfigurationPlatforms) = postSolution
		{B90B1D04-232D-4D4F-9984-CD786357CFB2}.Debug|Any CPU.ActiveCfg = Debug|Any CPU
		{B90B1D04-232D-4D4F-9984-CD786357CFB2}.Debug|Any CPU.Build.0 = Debug|Any CPU
		{B90B1D04-232D-4D4F-9984-CD786357CFB2}.Release|Any CPU.ActiveCfg = Release|Any CPU
		{B90B1D04-232D-4D4F-9984-CD786357CFB2}.Release|Any CPU.Build.0 = Release|Any CPU
	EndGlobalSection
	GlobalSection(SolutionProperties) = preSolution
		HideSolutionNode = FALSE
	EndGlobalSection
	GlobalSection(ExtensibilityGlobals) = postSolution
		SolutionGuid = {6F00E02B-3526-4D79-B354-8734E1EFC378}
	EndGlobalSection
EndGlobal
